
Microsoft Visual Studio Solution File, Format Version 12.00
# Visual Studio Version 17
VisualStudioVersion = 17.0.31903.59
MinimumVisualStudioVersion = 10.0.40219.1
Project("{2150E333-8FDC-42A3-9474-1A3956D46DE8}") = "gestion.productos", "gestion.productos", "{02EA681E-C7D8-13C7-8484-4AC65E1B71E8}"
EndProject
Project("{2150E333-8FDC-42A3-9474-1A3956D46DE8}") = "gestion.transacciones", "gestion.transacciones", "{C1275CED-B4B7-40F5-B803-CA62AA55FBE1}"
EndProject
Project("{FAE04EC0-301F-11D3-BF4B-00C04F79EFBC}") = "gestion.productos.api", "gestion.productos.api\gestion.productos.api.csproj", "{D0B0ED1C-FDB3-4214-8DA6-25F375762ECC}"
EndProject
Project("{FAE04EC0-301F-11D3-BF4B-00C04F79EFBC}") = "gestion.productos.infraestructure", "gestion.productos.infraestructure\gestion.productos.infraestructure.csproj", "{714604A3-F2A2-48E4-B13F-10781CC81221}"
EndProject
Project("{FAE04EC0-301F-11D3-BF4B-00C04F79EFBC}") = "gestion.productos.domain", "gestion.productos.domain\gestion.productos.domain.csproj", "{ED9F9A42-D0E4-408C-8950-509362F87EF4}"
EndProject
Project("{FAE04EC0-301F-11D3-BF4B-00C04F79EFBC}") = "gestion.transacciones.api", "gestion.transacciones.api\gestion.transacciones.api.csproj", "{A6D9B784-E86B-4A84-98D4-CC9F4B5F032F}"
EndProject
Project("{FAE04EC0-301F-11D3-BF4B-00C04F79EFBC}") = "gestion.transacciones.infraestructure", "gestion.transacciones.infraestructure\gestion.transacciones.infraestructure.csproj", "{16F471F4-12D9-469D-951B-774C39EAC20A}"
EndProject
Project("{FAE04EC0-301F-11D3-BF4B-00C04F79EFBC}") = "gestion.transacciones.domain", "gestion.transacciones.domain\gestion.transacciones.domain.csproj", "{894038A0-6FD4-4167-865B-3C5A53730CAC}"
EndProject
Project("{FAE04EC0-301F-11D3-BF4B-00C04F79EFBC}") = "gestion.productos.application", "gestion.productos.application\gestion.productos.application.csproj", "{35484C39-017B-4724-BE61-72EB46D0CA60}"
EndProject
Project("{FAE04EC0-301F-11D3-BF4B-00C04F79EFBC}") = "gestion.transacciones.application", "gestion.transacciones.application\gestion.transacciones.application.csproj", "{BEC336AC-7781-4894-B213-872C8AB51D4B}"
EndProject
Project("{2150E333-8FDC-42A3-9474-1A3956D46DE8}") = "configuracion", "configuracion", "{D107F4C8-89CC-BEA8-D3D7-CA6B7733353D}"
	ProjectSection(SolutionItems) = preProject
		docker-compose.yml = docker-compose.yml
		init_inventario.sql = init_inventario.sql
	EndProjectSection
EndProject
Global
	GlobalSection(SolutionConfigurationPlatforms) = preSolution
		Debug|Any CPU = Debug|Any CPU
		Release|Any CPU = Release|Any CPU
	EndGlobalSection
	GlobalSection(ProjectConfigurationPlatforms) = postSolution
		{D0B0ED1C-FDB3-4214-8DA6-25F375762ECC}.Debug|Any CPU.ActiveCfg = Debug|Any CPU
		{D0B0ED1C-FDB3-4214-8DA6-25F375762ECC}.Debug|Any CPU.Build.0 = Debug|Any CPU
		{D0B0ED1C-FDB3-4214-8DA6-25F375762ECC}.Release|Any CPU.ActiveCfg = Release|Any CPU
		{D0B0ED1C-FDB3-4214-8DA6-25F375762ECC}.Release|Any CPU.Build.0 = Release|Any CPU
		{714604A3-F2A2-48E4-B13F-10781CC81221}.Debug|Any CPU.ActiveCfg = Debug|Any CPU
		{714604A3-F2A2-48E4-B13F-10781CC81221}.Debug|Any CPU.Build.0 = Debug|Any CPU
		{714604A3-F2A2-48E4-B13F-10781CC81221}.Release|Any CPU.ActiveCfg = Release|Any CPU
		{714604A3-F2A2-48E4-B13F-10781CC81221}.Release|Any CPU.Build.0 = Release|Any CPU
		{ED9F9A42-D0E4-408C-8950-509362F87EF4}.Debug|Any CPU.ActiveCfg = Debug|Any CPU
		{ED9F9A42-D0E4-408C-8950-509362F87EF4}.Debug|Any CPU.Build.0 = Debug|Any CPU
		{ED9F9A42-D0E4-408C-8950-509362F87EF4}.Release|Any CPU.ActiveCfg = Release|Any CPU
		{ED9F9A42-D0E4-408C-8950-509362F87EF4}.Release|Any CPU.Build.0 = Release|Any CPU
		{A6D9B784-E86B-4A84-98D4-CC9F4B5F032F}.Debug|Any CPU.ActiveCfg = Debug|Any CPU
		{A6D9B784-E86B-4A84-98D4-CC9F4B5F032F}.Debug|Any CPU.Build.0 = Debug|Any CPU
		{A6D9B784-E86B-4A84-98D4-CC9F4B5F032F}.Release|Any CPU.ActiveCfg = Release|Any CPU
		{A6D9B784-E86B-4A84-98D4-CC9F4B5F032F}.Release|Any CPU.Build.0 = Release|Any CPU
		{16F471F4-12D9-469D-951B-774C39EAC20A}.Debug|Any CPU.ActiveCfg = Debug|Any CPU
		{16F471F4-12D9-469D-951B-774C39EAC20A}.Debug|Any CPU.Build.0 = Debug|Any CPU
		{16F471F4-12D9-469D-951B-774C39EAC20A}.Release|Any CPU.ActiveCfg = Release|Any CPU
		{16F471F4-12D9-469D-951B-774C39EAC20A}.Release|Any CPU.Build.0 = Release|Any CPU
		{894038A0-6FD4-4167-865B-3C5A53730CAC}.Debug|Any CPU.ActiveCfg = Debug|Any CPU
		{894038A0-6FD4-4167-865B-3C5A53730CAC}.Debug|Any CPU.Build.0 = Debug|Any CPU
		{894038A0-6FD4-4167-865B-3C5A53730CAC}.Release|Any CPU.ActiveCfg = Release|Any CPU
		{894038A0-6FD4-4167-865B-3C5A53730CAC}.Release|Any CPU.Build.0 = Release|Any CPU
		{35484C39-017B-4724-BE61-72EB46D0CA60}.Debug|Any CPU.ActiveCfg = Debug|Any CPU
		{35484C39-017B-4724-BE61-72EB46D0CA60}.Debug|Any CPU.Build.0 = Debug|Any CPU
		{35484C39-017B-4724-BE61-72EB46D0CA60}.Release|Any CPU.ActiveCfg = Release|Any CPU
		{35484C39-017B-4724-BE61-72EB46D0CA60}.Release|Any CPU.Build.0 = Release|Any CPU
		{BEC336AC-7781-4894-B213-872C8AB51D4B}.Debug|Any CPU.ActiveCfg = Debug|Any CPU
		{BEC336AC-7781-4894-B213-872C8AB51D4B}.Debug|Any CPU.Build.0 = Debug|Any CPU
		{BEC336AC-7781-4894-B213-872C8AB51D4B}.Release|Any CPU.ActiveCfg = Release|Any CPU
		{BEC336AC-7781-4894-B213-872C8AB51D4B}.Release|Any CPU.Build.0 = Release|Any CPU
	EndGlobalSection
	GlobalSection(SolutionProperties) = preSolution
		HideSolutionNode = FALSE
	EndGlobalSection
	GlobalSection(NestedProjects) = preSolution
		{D0B0ED1C-FDB3-4214-8DA6-25F375762ECC} = {02EA681E-C7D8-13C7-8484-4AC65E1B71E8}
		{714604A3-F2A2-48E4-B13F-10781CC81221} = {02EA681E-C7D8-13C7-8484-4AC65E1B71E8}
		{ED9F9A42-D0E4-408C-8950-509362F87EF4} = {02EA681E-C7D8-13C7-8484-4AC65E1B71E8}
		{A6D9B784-E86B-4A84-98D4-CC9F4B5F032F} = {C1275CED-B4B7-40F5-B803-CA62AA55FBE1}
		{16F471F4-12D9-469D-951B-774C39EAC20A} = {C1275CED-B4B7-40F5-B803-CA62AA55FBE1}
		{894038A0-6FD4-4167-865B-3C5A53730CAC} = {C1275CED-B4B7-40F5-B803-CA62AA55FBE1}
		{35484C39-017B-4724-BE61-72EB46D0CA60} = {02EA681E-C7D8-13C7-8484-4AC65E1B71E8}
		{BEC336AC-7781-4894-B213-872C8AB51D4B} = {C1275CED-B4B7-40F5-B803-CA62AA55FBE1}
	EndGlobalSection
	GlobalSection(ExtensibilityGlobals) = postSolution
		SolutionGuid = {DCFB172A-255C-4D6F-902E-AA6383DAF92C}
	EndGlobalSection
EndGlobal
